{
  "version": 2,
  "dependencies": {
    "net10.0": {
      "Roslynator.Analyzers": {
        "type": "Direct",
        "requested": "[4.15.0, )",
        "resolved": "4.15.0",
        "contentHash": "E8fu71Y+vzhniJKy1K13Rzwm8Vjcj7CDFBpflqncKUZfc3SzuF0kMBiyMmgXNPkjWTdE3Z+30HlGgYjHONZY/Q=="
      },
      "Roslynator.Formatting.Analyzers": {
        "type": "Direct",
        "requested": "[4.15.0, )",
        "resolved": "4.15.0",
        "contentHash": "/LvSJGJbrx+OYC2GePmiAA9fRTfz37R/oaHC2j8YK/j9lE8ykZESCGTMVGqXF5woc6RbzfJlpYkzeG6fAV6hFQ=="
      },
      "System.CommandLine": {
        "type": "Direct",
        "requested": "[2.0.9, )",
        "resolved": "2.0.9",
        "contentHash": "SW0WhEk4NFVZ4lOnsLrHQOV/7s0eTidezNybHQWXfqhuXWB17X3RXbrifeWBbUx1iu+NcYchVSufmW7svjUEnA=="
      },
      "NuGet.Common": {
        "type": "Transitive",
        "resolved": "6.11.1",
        "contentHash": "6ouw0UC3TGaFHNJyoEK2/Q5jSryRHzcbKGv9C0+t/TPnTP8PoLqnyFxO1dwmQUmJkWuKAUo6Vu0kIXHY/8LyKQ==",
        "dependencies": {
          "NuGet.Frameworks": "6.11.1"
        }
      },
      "NuGet.Configuration": {
        "type": "Transitive",
        "resolved": "6.11.1",
        "contentHash": "vbEe2acKrI2QmNx9U94ewhgUt6cLpwBeQfMtrie6NMz+GkJcX/4qIkKsX3SeBO4gFgCf8eeTyURl5hxPtiUctw==",
        "dependencies": {
          "NuGet.Common": "6.11.1",
          "System.Security.Cryptography.ProtectedData": "4.4.0"
        }
      },
      "System.Security.Cryptography.Pkcs": {
        "type": "Transitive",
        "resolved": "6.0.4",
        "contentHash": "LGbXi1oUJ9QgCNGXRO9ndzBL/GZgANcsURpMhNR8uO+rca47SZmciS3RSQUvlQRwK3QHZSHNOXzoMUASKA+Anw=="
      },
      "System.Security.Cryptography.ProtectedData": {
        "type": "Transitive",
        "resolved": "4.4.0",
        "contentHash": "cJV7ScGW7EhatRsjehfvvYVBvtiSMKgN8bOVI0bQhnF5bU7vnHVIsH49Kva7i7GWaWYvmEzkYVk1TC+gZYBEog=="
      },
      "taiwu.modkit.tooling": {
        "type": "Project",
        "dependencies": {
          "CliWrap": "[3.10.2, )",
          "NuGet.Frameworks": "[6.11.1, )",
          "NuGet.Packaging": "[6.11.1, )",
          "NuGet.Versioning": "[6.11.1, )",
          "YamlDotNet": "[13.7.1, )",
          "dotenv.net": "[3.2.1, )"
        }
      },
      "CliWrap": {
        "type": "CentralTransitive",
        "requested": "[3.10.2, )",
        "resolved": "3.10.2",
        "contentHash": "oW63Lh5Tr2dVRnGSn5UyV2ITAYTdyaGB8r4pGMcz7CwfzketV7ANyn2LvNJtOjXjL/tJbG0qDH8Xwgt3jgGMNg=="
      },
      "dotenv.net": {
        "type": "CentralTransitive",
        "requested": "[3.2.1, )",
        "resolved": "3.2.1",
        "contentHash": "2fc2s5PH6wAoWQ8bpyVgz28y9qMs/t8ToiCKqSM6mWpjgg4QQSPtZ0nia0x/OebGLSDbxyOelVH+fULZH7N4mA=="
      },
      "Newtonsoft.Json": {
        "type": "CentralTransitive",
        "requested": "[13.0.3, )",
        "resolved": "13.0.3",
        "contentHash": "HrC5BXdl00IP9zeV+0Z848QWPAoCr9P3bDEZguI+gkLcBKAOxix/tLEAAHC+UvDNPv4a2d18lOReHMOagPa+zQ=="
      },
      "NuGet.Frameworks": {
        "type": "CentralTransitive",
        "requested": "[6.11.1, )",
        "resolved": "6.11.1",
        "contentHash": "plTZ3ariSWQVsFn2mk83SsdmSg1VpgIMTSZpP/eSE/NNQF02p+M9ItxAYeUZBMX+cQ2nFkSwxQRJ0/fkaV9Hbg=="
      },
      "NuGet.Packaging": {
        "type": "CentralTransitive",
        "requested": "[6.11.1, )",
        "resolved": "6.11.1",
        "contentHash": "wiofIUUr7khwuaGXiOibMb7+dEkF97EVsAmzlaNc188HV9ujjqweQMuVCoAK2/MqXdhnrKjvicUfKo9CPsNnfg==",
        "dependencies": {
          "Newtonsoft.Json": "13.0.3",
          "NuGet.Configuration": "6.11.1",
          "NuGet.Versioning": "6.11.1",
          "System.Security.Cryptography.Pkcs": "6.0.4"
        }
      },
      "NuGet.Versioning": {
        "type": "CentralTransitive",
        "requested": "[6.11.1, )",
        "resolved": "6.11.1",
        "contentHash": "YNn3BB71F+guJW42TbAhGcMh3gpyqFMZcPVD9pm5vcvGivTALtRely/VCPWQQ6JQ5PfwIrjPaJMO7VnqyeK3rg=="
      },
      "YamlDotNet": {
        "type": "CentralTransitive",
        "requested": "[13.7.1, )",
        "resolved": "13.7.1",
        "contentHash": "X4m1PnFcJwvAj1sCDMntg/eZcX96CJLrWMiYnq41KqhFVZPuw63ZTSxIGqgdCwHWHvCAyTxheELC/VDf1HsU2A=="
      }
    }
  }
}