{
  "version": 2,
  "dependencies": {
    ".NETStandard,Version=v2.1": {
      "Krafs.Publicizer": {
        "type": "Direct",
        "requested": "[2.3.0, )",
        "resolved": "2.3.0",
        "contentHash": "DjktTgctwxUMhMkWKrRECer3LR1lHzanCOlE4mpinAiY8SfWJq4DG/QitP5h1A+WBjyWHzQSOG+204i3VpO1FA=="
      },
      "Roslynator.Analyzers": {
        "type": "Direct",
        "requested": "[4.15.0, )",
        "resolved": "4.15.0",
        "contentHash": "E8fu71Y+vzhniJKy1K13Rzwm8Vjcj7CDFBpflqncKUZfc3SzuF0kMBiyMmgXNPkjWTdE3Z+30HlGgYjHONZY/Q=="
      },
      "Roslynator.Formatting.Analyzers": {
        "type": "Direct",
        "requested": "[4.15.0, )",
        "resolved": "4.15.0",
        "contentHash": "/LvSJGJbrx+OYC2GePmiAA9fRTfz37R/oaHC2j8YK/j9lE8ykZESCGTMVGqXF5woc6RbzfJlpYkzeG6fAV6hFQ=="
      },
      "Taiwu.ModKit.References.Frontend": {
        "type": "Direct",
        "requested": "[1.0.44, )",
        "resolved": "1.0.44",
        "contentHash": "AHE/+KCzxft1KK1Y+jZimS/kyIZcxUy4S93urkgJmBJGrmFBlb8/ji6F3wr9BvXuGjJC6+av/bthh/wBn8MADQ==",
        "dependencies": {
          "Taiwu.ModKit.References.Plugin": "[1.0.44]",
          "Taiwu.ModKit.References.Shared": "[1.0.44]",
          "Taiwu.ModKit.References.Unity": "[1.0.44]"
        }
      },
      "Taiwu.ModKit.References.Plugin": {
        "type": "Direct",
        "requested": "[1.0.44, )",
        "resolved": "1.0.44",
        "contentHash": "rNpFG7yH//aOdO97R7lb4ciz8VzMddxfHUq2zyr+IHE0ZddhCqX15aq456xfD7Ge1IV+fFtZ+OJKFsZHHfnAGg=="
      },
      "taiwuencyclopedia.core": {
        "type": "Project",
        "dependencies": {
          "Newtonsoft.Json": "[13.0.3, )",
          "YamlDotNet": "[13.7.1, )"
        }
      },
      "taiwuencyclopedia.markdown": {
        "type": "Project"
      },
      "Newtonsoft.Json": {
        "type": "CentralTransitive",
        "requested": "[13.0.3, )",
        "resolved": "13.0.3",
        "contentHash": "HrC5BXdl00IP9zeV+0Z848QWPAoCr9P3bDEZguI+gkLcBKAOxix/tLEAAHC+UvDNPv4a2d18lOReHMOagPa+zQ=="
      },
      "Taiwu.ModKit.References.Shared": {
        "type": "CentralTransitive",
        "requested": "[1.0.44, )",
        "resolved": "1.0.44",
        "contentHash": "etCKyc7XIOfundUfCQXIWwycbtmJE1KQNMU7KRLM4wgZ9BUTbejH8oczNebuUwQ9JSOj31hJ/53+bAgcDJR3mA==",
        "dependencies": {
          "Taiwu.ModKit.References.Plugin": "[1.0.44]"
        }
      },
      "Taiwu.ModKit.References.Unity": {
        "type": "CentralTransitive",
        "requested": "[1.0.44, )",
        "resolved": "1.0.44",
        "contentHash": "Tl9s14ItLExoJMFmRt0XPcEG4srIZMtO5WkrbMjMC/NOoZIpEUrb8P2lOEkKHhR+CIcyMW+NJty17XVDz65+Ng=="
      },
      "YamlDotNet": {
        "type": "CentralTransitive",
        "requested": "[13.7.1, )",
        "resolved": "13.7.1",
        "contentHash": "X4m1PnFcJwvAj1sCDMntg/eZcX96CJLrWMiYnq41KqhFVZPuw63ZTSxIGqgdCwHWHvCAyTxheELC/VDf1HsU2A=="
      }
    }
  }
}